// !$*UTF8*$!
{
	archiveVersion = 1;
	classes = {
	};
	objectVersion = 50;
	objects = {

/* Begin PBXBuildFile section */
		922FBA38233CDAA4007428A8 /* OnDeviceMagicBall.swift in Sources */ = {isa = PBXBuildFile; fileRef = 922FBA37233CDAA4007428A8 /* OnDeviceMagicBall.swift */; };
		922FBA3D2341279C007428A8 /* MainViewModel.swift in Sources */ = {isa = PBXBuildFile; fileRef = 922FBA3C2341279C007428A8 /* MainViewModel.swift */; };
		922FBA3F2341283B007428A8 /* MainModel.swift in Sources */ = {isa = PBXBuildFile; fileRef = 922FBA3E2341283B007428A8 /* MainModel.swift */; };
		922FBA4123412A52007428A8 /* PresentableDecision.swift in Sources */ = {isa = PBXBuildFile; fileRef = 922FBA4023412A52007428A8 /* PresentableDecision.swift */; };
		922FBA4323413429007428A8 /* StorableDecision.swift in Sources */ = {isa = PBXBuildFile; fileRef = 922FBA4223413429007428A8 /* StorableDecision.swift */; };
		922FBA4A23415784007428A8 /* SettingsViewModel.swift in Sources */ = {isa = PBXBuildFile; fileRef = 922FBA4923415784007428A8 /* SettingsViewModel.swift */; };
		922FBA4C2341579F007428A8 /* SettingsModel.swift in Sources */ = {isa = PBXBuildFile; fileRef = 922FBA4B2341579F007428A8 /* SettingsModel.swift */; };
		9237673A23146EEA0037F883 /* AppDelegate.swift in Sources */ = {isa = PBXBuildFile; fileRef = 9237673923146EEA0037F883 /* AppDelegate.swift */; };
		9237673F23146EEA0037F883 /* Main.storyboard in Resources */ = {isa = PBXBuildFile; fileRef = 9237673D23146EEA0037F883 /* Main.storyboard */; };
		9237674123146EEB0037F883 /* Assets.xcassets in Resources */ = {isa = PBXBuildFile; fileRef = 9237674023146EEB0037F883 /* Assets.xcassets */; };
		9237674423146EEB0037F883 /* LaunchScreen.storyboard in Resources */ = {isa = PBXBuildFile; fileRef = 9237674223146EEB0037F883 /* LaunchScreen.storyboard */; };
		92376750231471B90037F883 /* ApiRequest.swift in Sources */ = {isa = PBXBuildFile; fileRef = 9237674F231471B90037F883 /* ApiRequest.swift */; };
		92376752231471E10037F883 /* ApiSchemaProtocol.swift in Sources */ = {isa = PBXBuildFile; fileRef = 92376751231471E10037F883 /* ApiSchemaProtocol.swift */; };
		92376754231471F90037F883 /* MagicBallApiSchema.swift in Sources */ = {isa = PBXBuildFile; fileRef = 92376753231471F90037F883 /* MagicBallApiSchema.swift */; };
		92376756231472190037F883 /* NetworkManager.swift in Sources */ = {isa = PBXBuildFile; fileRef = 92376755231472190037F883 /* NetworkManager.swift */; };
		9237675B2314727B0037F883 /* Decision.swift in Sources */ = {isa = PBXBuildFile; fileRef = 9237675A2314727B0037F883 /* Decision.swift */; };
		9237675E2314739D0037F883 /* DecisionStorage.swift in Sources */ = {isa = PBXBuildFile; fileRef = 9237675D2314739D0037F883 /* DecisionStorage.swift */; };
		92376763231474CE0037F883 /* Constants.swift in Sources */ = {isa = PBXBuildFile; fileRef = 92376762231474CE0037F883 /* Constants.swift */; };
		923767662315966A0037F883 /* BaseViewController.swift in Sources */ = {isa = PBXBuildFile; fileRef = 923767652315966A0037F883 /* BaseViewController.swift */; };
		923767682315AAE30037F883 /* MainViewController.swift in Sources */ = {isa = PBXBuildFile; fileRef = 923767672315AAE30037F883 /* MainViewController.swift */; };
		9237676A2315BB4D0037F883 /* SettingsViewController.swift in Sources */ = {isa = PBXBuildFile; fileRef = 923767692315BB4D0037F883 /* SettingsViewController.swift */; };
		9237676C2315BDC50037F883 /* InitialConfigurationManager.swift in Sources */ = {isa = PBXBuildFile; fileRef = 9237676B2315BDC50037F883 /* InitialConfigurationManager.swift */; };
		9261B98623382E72004A5F6D /* Assets.swift in Sources */ = {isa = PBXBuildFile; fileRef = 9261B98523382E1D004A5F6D /* Assets.swift */; };
		92C8F71123417E6700026AF3 /* StoryboardScene.swift in Sources */ = {isa = PBXBuildFile; fileRef = 92C8F70F23417E6700026AF3 /* StoryboardScene.swift */; };
		92C8F71223417E6700026AF3 /* StoryboardSegue.swift in Sources */ = {isa = PBXBuildFile; fileRef = 92C8F71023417E6700026AF3 /* StoryboardSegue.swift */; };
		B40E5B30BF70B9D1477BC10A /* Pods_MagicBall.framework in Frameworks */ = {isa = PBXBuildFile; fileRef = 7420581BE45D90B3FCCE03DF /* Pods_MagicBall.framework */; };
/* End PBXBuildFile section */

/* Begin PBXFileReference section */
		7420581BE45D90B3FCCE03DF /* Pods_MagicBall.framework */ = {isa = PBXFileReference; explicitFileType = wrapper.framework; includeInIndex = 0; path = Pods_MagicBall.framework; sourceTree = BUILT_PRODUCTS_DIR; };
		922FBA37233CDAA4007428A8 /* OnDeviceMagicBall.swift */ = {isa = PBXFileReference; fileEncoding = 4; lastKnownFileType = sourcecode.swift; path = OnDeviceMagicBall.swift; sourceTree = "<group>"; };
		922FBA3C2341279C007428A8 /* MainViewModel.swift */ = {isa = PBXFileReference; lastKnownFileType = sourcecode.swift; path = MainViewModel.swift; sourceTree = "<group>"; };
		922FBA3E2341283B007428A8 /* MainModel.swift */ = {isa = PBXFileReference; lastKnownFileType = sourcecode.swift; path = MainModel.swift; sourceTree = "<group>"; };
		922FBA4023412A52007428A8 /* PresentableDecision.swift */ = {isa = PBXFileReference; lastKnownFileType = sourcecode.swift; path = PresentableDecision.swift; sourceTree = "<group>"; };
		922FBA4223413429007428A8 /* StorableDecision.swift */ = {isa = PBXFileReference; lastKnownFileType = sourcecode.swift; path = StorableDecision.swift; sourceTree = "<group>"; };
		922FBA4923415784007428A8 /* SettingsViewModel.swift */ = {isa = PBXFileReference; lastKnownFileType = sourcecode.swift; path = SettingsViewModel.swift; sourceTree = "<group>"; };
		922FBA4B2341579F007428A8 /* SettingsModel.swift */ = {isa = PBXFileReference; lastKnownFileType = sourcecode.swift; path = SettingsModel.swift; sourceTree = "<group>"; };
		9237673623146EEA0037F883 /* MagicBall.app */ = {isa = PBXFileReference; explicitFileType = wrapper.application; includeInIndex = 0; path = MagicBall.app; sourceTree = BUILT_PRODUCTS_DIR; };
		9237673923146EEA0037F883 /* AppDelegate.swift */ = {isa = PBXFileReference; lastKnownFileType = sourcecode.swift; path = AppDelegate.swift; sourceTree = "<group>"; };
		9237673E23146EEA0037F883 /* Base */ = {isa = PBXFileReference; lastKnownFileType = file.storyboard; name = Base; path = Base.lproj/Main.storyboard; sourceTree = "<group>"; };
		9237674023146EEB0037F883 /* Assets.xcassets */ = {isa = PBXFileReference; lastKnownFileType = folder.assetcatalog; path = Assets.xcassets; sourceTree = "<group>"; };
		9237674323146EEB0037F883 /* Base */ = {isa = PBXFileReference; lastKnownFileType = file.storyboard; name = Base; path = Base.lproj/LaunchScreen.storyboard; sourceTree = "<group>"; };
		9237674523146EEB0037F883 /* Info.plist */ = {isa = PBXFileReference; lastKnownFileType = text.plist.xml; path = Info.plist; sourceTree = "<group>"; };
		9237674F231471B90037F883 /* ApiRequest.swift */ = {isa = PBXFileReference; lastKnownFileType = sourcecode.swift; path = ApiRequest.swift; sourceTree = "<group>"; };
		92376751231471E10037F883 /* ApiSchemaProtocol.swift */ = {isa = PBXFileReference; lastKnownFileType = sourcecode.swift; path = ApiSchemaProtocol.swift; sourceTree = "<group>"; };
		92376753231471F90037F883 /* MagicBallApiSchema.swift */ = {isa = PBXFileReference; lastKnownFileType = sourcecode.swift; path = MagicBallApiSchema.swift; sourceTree = "<group>"; };
		92376755231472190037F883 /* NetworkManager.swift */ = {isa = PBXFileReference; lastKnownFileType = sourcecode.swift; path = NetworkManager.swift; sourceTree = "<group>"; };
		9237675A2314727B0037F883 /* Decision.swift */ = {isa = PBXFileReference; lastKnownFileType = sourcecode.swift; path = Decision.swift; sourceTree = "<group>"; };
		9237675D2314739D0037F883 /* DecisionStorage.swift */ = {isa = PBXFileReference; lastKnownFileType = sourcecode.swift; path = DecisionStorage.swift; sourceTree = "<group>"; };
		92376762231474CE0037F883 /* Constants.swift */ = {isa = PBXFileReference; lastKnownFileType = sourcecode.swift; path = Constants.swift; sourceTree = "<group>"; };
		923767652315966A0037F883 /* BaseViewController.swift */ = {isa = PBXFileReference; lastKnownFileType = sourcecode.swift; path = BaseViewController.swift; sourceTree = "<group>"; };
		923767672315AAE30037F883 /* MainViewController.swift */ = {isa = PBXFileReference; lastKnownFileType = sourcecode.swift; path = MainViewController.swift; sourceTree = "<group>"; };
		923767692315BB4D0037F883 /* SettingsViewController.swift */ = {isa = PBXFileReference; lastKnownFileType = sourcecode.swift; path = SettingsViewController.swift; sourceTree = "<group>"; };
		9237676B2315BDC50037F883 /* InitialConfigurationManager.swift */ = {isa = PBXFileReference; lastKnownFileType = sourcecode.swift; path = InitialConfigurationManager.swift; sourceTree = "<group>"; };
		9261B98523382E1D004A5F6D /* Assets.swift */ = {isa = PBXFileReference; lastKnownFileType = sourcecode.swift; path = Assets.swift; sourceTree = "<group>"; };
		92C8F70F23417E6700026AF3 /* StoryboardScene.swift */ = {isa = PBXFileReference; fileEncoding = 4; lastKnownFileType = sourcecode.swift; path = StoryboardScene.swift; sourceTree = "<group>"; };
		92C8F71023417E6700026AF3 /* StoryboardSegue.swift */ = {isa = PBXFileReference; fileEncoding = 4; lastKnownFileType = sourcecode.swift; path = StoryboardSegue.swift; sourceTree = "<group>"; };
		CDF1EDC9BE0244B6800E8758 /* Pods-MagicBall.release.xcconfig */ = {isa = PBXFileReference; includeInIndex = 1; lastKnownFileType = text.xcconfig; name = "Pods-MagicBall.release.xcconfig"; path = "Target Support Files/Pods-MagicBall/Pods-MagicBall.release.xcconfig"; sourceTree = "<group>"; };
		DE1D739B1F2588D189119FCF /* Pods-MagicBall.debug.xcconfig */ = {isa = PBXFileReference; includeInIndex = 1; lastKnownFileType = text.xcconfig; name = "Pods-MagicBall.debug.xcconfig"; path = "Target Support Files/Pods-MagicBall/Pods-MagicBall.debug.xcconfig"; sourceTree = "<group>"; };
/* End PBXFileReference section */

/* Begin PBXFrameworksBuildPhase section */
		9237673323146EEA0037F883 /* Frameworks */ = {
			isa = PBXFrameworksBuildPhase;
			buildActionMask = 2147483647;
			files = (
				B40E5B30BF70B9D1477BC10A /* Pods_MagicBall.framework in Frameworks */,
			);
			runOnlyForDeploymentPostprocessing = 0;
		};
/* End PBXFrameworksBuildPhase section */

/* Begin PBXGroup section */
		24937B1B660E2B14BC237631 /* Pods */ = {
			isa = PBXGroup;
			children = (
				DE1D739B1F2588D189119FCF /* Pods-MagicBall.debug.xcconfig */,
				CDF1EDC9BE0244B6800E8758 /* Pods-MagicBall.release.xcconfig */,
			);
			path = Pods;
			sourceTree = "<group>";
		};
		34C5B5935A4C46A34D3ADB51 /* Frameworks */ = {
			isa = PBXGroup;
			children = (
				7420581BE45D90B3FCCE03DF /* Pods_MagicBall.framework */,
			);
			name = Frameworks;
			sourceTree = "<group>";
		};
		922FBA35233CD28D007428A8 /* InitialConfiguration */ = {
			isa = PBXGroup;
			children = (
				9237676B2315BDC50037F883 /* InitialConfigurationManager.swift */,
			);
			path = InitialConfiguration;
			sourceTree = "<group>";
		};
		922FBA36233CD2A2007428A8 /* AnswerGeneration */ = {
			isa = PBXGroup;
			children = (
				922FBA37233CDAA4007428A8 /* OnDeviceMagicBall.swift */,
			);
			path = AnswerGeneration;
			sourceTree = "<group>";
		};
		922FBA3B234125D8007428A8 /* MainFlow */ = {
			isa = PBXGroup;
			children = (
				923767672315AAE30037F883 /* MainViewController.swift */,
				922FBA3C2341279C007428A8 /* MainViewModel.swift */,
				922FBA3E2341283B007428A8 /* MainModel.swift */,
			);
			path = MainFlow;
			sourceTree = "<group>";
		};
		922FBA4823415731007428A8 /* SettingsFlow */ = {
			isa = PBXGroup;
			children = (
				923767692315BB4D0037F883 /* SettingsViewController.swift */,
				922FBA4923415784007428A8 /* SettingsViewModel.swift */,
				922FBA4B2341579F007428A8 /* SettingsModel.swift */,
			);
			path = SettingsFlow;
			sourceTree = "<group>";
		};
		9237672D23146EEA0037F883 = {
			isa = PBXGroup;
			children = (
				9237673823146EEA0037F883 /* MagicBall */,
				9237673723146EEA0037F883 /* Products */,
				24937B1B660E2B14BC237631 /* Pods */,
				34C5B5935A4C46A34D3ADB51 /* Frameworks */,
			);
			sourceTree = "<group>";
		};
		9237673723146EEA0037F883 /* Products */ = {
			isa = PBXGroup;
			children = (
				9237673623146EEA0037F883 /* MagicBall.app */,
			);
			name = Products;
			sourceTree = "<group>";
		};
		9237673823146EEA0037F883 /* MagicBall */ = {
			isa = PBXGroup;
			children = (
				9237673923146EEA0037F883 /* AppDelegate.swift */,
				9261B9842338260C004A5F6D /* Generated */,
				92376764231474D70037F883 /* Constants */,
				9237674B2314717A0037F883 /* Services */,
				9237675C231472900037F883 /* Entities */,
				922FBA3B234125D8007428A8 /* MainFlow */,
				922FBA4823415731007428A8 /* SettingsFlow */,
				92376759231472520037F883 /* BaseViewController */,
				92376757231472310037F883 /* Storyboards */,
				92376758231472460037F883 /* Resources */,
			);
			path = MagicBall;
			sourceTree = "<group>";
		};
		9237674B2314717A0037F883 /* Services */ = {
			isa = PBXGroup;
			children = (
				9237674C231471890037F883 /* Network */,
				9237675F231473B20037F883 /* LocalStorage */,
				922FBA36233CD2A2007428A8 /* AnswerGeneration */,
				922FBA35233CD28D007428A8 /* InitialConfiguration */,
			);
			path = Services;
			sourceTree = "<group>";
		};
		9237674C231471890037F883 /* Network */ = {
			isa = PBXGroup;
			children = (
				9237674D231471950037F883 /* ApiSchema */,
				9237674E231471A00037F883 /* ApiRequest */,
				92376755231472190037F883 /* NetworkManager.swift */,
			);
			path = Network;
			sourceTree = "<group>";
		};
		9237674D231471950037F883 /* ApiSchema */ = {
			isa = PBXGroup;
			children = (
				92376751231471E10037F883 /* ApiSchemaProtocol.swift */,
				92376753231471F90037F883 /* MagicBallApiSchema.swift */,
			);
			path = ApiSchema;
			sourceTree = "<group>";
		};
		9237674E231471A00037F883 /* ApiRequest */ = {
			isa = PBXGroup;
			children = (
				9237674F231471B90037F883 /* ApiRequest.swift */,
			);
			path = ApiRequest;
			sourceTree = "<group>";
		};
		92376757231472310037F883 /* Storyboards */ = {
			isa = PBXGroup;
			children = (
				9237673D23146EEA0037F883 /* Main.storyboard */,
				9237674223146EEB0037F883 /* LaunchScreen.storyboard */,
			);
			path = Storyboards;
			sourceTree = "<group>";
		};
		92376758231472460037F883 /* Resources */ = {
			isa = PBXGroup;
			children = (
				9237674023146EEB0037F883 /* Assets.xcassets */,
				9237674523146EEB0037F883 /* Info.plist */,
			);
			path = Resources;
			sourceTree = "<group>";
		};
		92376759231472520037F883 /* BaseViewController */ = {
			isa = PBXGroup;
			children = (
				923767652315966A0037F883 /* BaseViewController.swift */,
			);
			path = BaseViewController;
			sourceTree = "<group>";
		};
		9237675C231472900037F883 /* Entities */ = {
			isa = PBXGroup;
			children = (
				922FBA4023412A52007428A8 /* PresentableDecision.swift */,
				9237675A2314727B0037F883 /* Decision.swift */,
				922FBA4223413429007428A8 /* StorableDecision.swift */,
			);
			path = Entities;
			sourceTree = "<group>";
		};
		9237675F231473B20037F883 /* LocalStorage */ = {
			isa = PBXGroup;
			children = (
				9237675D2314739D0037F883 /* DecisionStorage.swift */,
			);
			path = LocalStorage;
			sourceTree = "<group>";
		};
		92376764231474D70037F883 /* Constants */ = {
			isa = PBXGroup;
			children = (
				92376762231474CE0037F883 /* Constants.swift */,
			);
			path = Constants;
			sourceTree = "<group>";
		};
		9261B9842338260C004A5F6D /* Generated */ = {
			isa = PBXGroup;
			children = (
				9261B98523382E1D004A5F6D /* Assets.swift */,
				92C8F70F23417E6700026AF3 /* StoryboardScene.swift */,
				92C8F71023417E6700026AF3 /* StoryboardSegue.swift */,
			);
			path = Generated;
			sourceTree = "<group>";
		};
/* End PBXGroup section */

/* Begin PBXNativeTarget section */
		9237673523146EEA0037F883 /* MagicBall */ = {
			isa = PBXNativeTarget;
			buildConfigurationList = 9237674823146EEB0037F883 /* Build configuration list for PBXNativeTarget "MagicBall" */;
			buildPhases = (
				2A3D9E05131609803B249E68 /* [CP] Check Pods Manifest.lock */,
				9261B98123380F10004A5F6D /* SwifyLint Run Script */,
				9261B98323381FB2004A5F6D /* SwiftGen Run Script */,
				9237673223146EEA0037F883 /* Sources */,
				9237673323146EEA0037F883 /* Frameworks */,
				9237673423146EEA0037F883 /* Resources */,
			);
			buildRules = (
			);
			dependencies = (
			);
			name = MagicBall;
			productName = MagicBall;
			productReference = 9237673623146EEA0037F883 /* MagicBall.app */;
			productType = "com.apple.product-type.application";
		};
/* End PBXNativeTarget section */

/* Begin PBXProject section */
		9237672E23146EEA0037F883 /* Project object */ = {
			isa = PBXProject;
			attributes = {
				LastSwiftUpdateCheck = 1030;
				LastUpgradeCheck = 1030;
				ORGANIZATIONNAME = "Denis Verkhovod";
				TargetAttributes = {
					9237673523146EEA0037F883 = {
						CreatedOnToolsVersion = 10.3;
					};
				};
			};
			buildConfigurationList = 9237673123146EEA0037F883 /* Build configuration list for PBXProject "MagicBall" */;
			compatibilityVersion = "Xcode 9.3";
			developmentRegion = en;
			hasScannedForEncodings = 0;
			knownRegions = (
				en,
				Base,
			);
			mainGroup = 9237672D23146EEA0037F883;
			productRefGroup = 9237673723146EEA0037F883 /* Products */;
			projectDirPath = "";
			projectRoot = "";
			targets = (
				9237673523146EEA0037F883 /* MagicBall */,
			);
		};
/* End PBXProject section */

/* Begin PBXResourcesBuildPhase section */
		9237673423146EEA0037F883 /* Resources */ = {
			isa = PBXResourcesBuildPhase;
			buildActionMask = 2147483647;
			files = (
				9237674423146EEB0037F883 /* LaunchScreen.storyboard in Resources */,
				9237674123146EEB0037F883 /* Assets.xcassets in Resources */,
				9237673F23146EEA0037F883 /* Main.storyboard in Resources */,
			);
			runOnlyForDeploymentPostprocessing = 0;
		};
/* End PBXResourcesBuildPhase section */

/* Begin PBXShellScriptBuildPhase section */
		2A3D9E05131609803B249E68 /* [CP] Check Pods Manifest.lock */ = {
			isa = PBXShellScriptBuildPhase;
			buildActionMask = 2147483647;
			files = (
			);
			inputFileListPaths = (
			);
			inputPaths = (
				"${PODS_PODFILE_DIR_PATH}/Podfile.lock",
				"${PODS_ROOT}/Manifest.lock",
			);
			name = "[CP] Check Pods Manifest.lock";
			outputFileListPaths = (
			);
			outputPaths = (
				"$(DERIVED_FILE_DIR)/Pods-MagicBall-checkManifestLockResult.txt",
			);
			runOnlyForDeploymentPostprocessing = 0;
			shellPath = /bin/sh;
			shellScript = "diff \"${PODS_PODFILE_DIR_PATH}/Podfile.lock\" \"${PODS_ROOT}/Manifest.lock\" > /dev/null\nif [ $? != 0 ] ; then\n    # print error to STDERR\n    echo \"error: The sandbox is not in sync with the Podfile.lock. Run 'pod install' or update your CocoaPods installation.\" >&2\n    exit 1\nfi\n# This output is used by Xcode 'outputs' to avoid re-running this script phase.\necho \"SUCCESS\" > \"${SCRIPT_OUTPUT_FILE_0}\"\n";
			showEnvVarsInLog = 0;
		};
		9261B98123380F10004A5F6D /* SwifyLint Run Script */ = {
			isa = PBXShellScriptBuildPhase;
			buildActionMask = 2147483647;
			files = (
			);
			inputFileListPaths = (
			);
			inputPaths = (
			);
			name = "SwifyLint Run Script";
			outputFileListPaths = (
			);
			outputPaths = (
			);
			runOnlyForDeploymentPostprocessing = 0;
			shellPath = /bin/sh;
			shellScript = "${PODS_ROOT}/SwiftLint/swiftlint\n";
		};
		9261B98323381FB2004A5F6D /* SwiftGen Run Script */ = {
			isa = PBXShellScriptBuildPhase;
			buildActionMask = 2147483647;
			files = (
			);
			inputFileListPaths = (
			);
			inputPaths = (
			);
			name = "SwiftGen Run Script";
			outputFileListPaths = (
			);
			outputPaths = (
			);
			runOnlyForDeploymentPostprocessing = 0;
			shellPath = /bin/sh;
			shellScript = "$PODS_ROOT/SwiftGen/bin/swiftgen \n";
		};
/* End PBXShellScriptBuildPhase section */

/* Begin PBXSourcesBuildPhase section */
		9237673223146EEA0037F883 /* Sources */ = {
			isa = PBXSourcesBuildPhase;
			buildActionMask = 2147483647;
			files = (
				922FBA3F2341283B007428A8 /* MainModel.swift in Sources */,
				92376756231472190037F883 /* NetworkManager.swift in Sources */,
				922FBA4C2341579F007428A8 /* SettingsModel.swift in Sources */,
				92C8F71123417E6700026AF3 /* StoryboardScene.swift in Sources */,
				92C8F71223417E6700026AF3 /* StoryboardSegue.swift in Sources */,
				923767682315AAE30037F883 /* MainViewController.swift in Sources */,
				923767662315966A0037F883 /* BaseViewController.swift in Sources */,
				9237675B2314727B0037F883 /* Decision.swift in Sources */,
				92376754231471F90037F883 /* MagicBallApiSchema.swift in Sources */,
				922FBA3D2341279C007428A8 /* MainViewModel.swift in Sources */,
				922FBA4323413429007428A8 /* StorableDecision.swift in Sources */,
				92376763231474CE0037F883 /* Constants.swift in Sources */,
				9237673A23146EEA0037F883 /* AppDelegate.swift in Sources */,
				9261B98623382E72004A5F6D /* Assets.swift in Sources */,
				9237676C2315BDC50037F883 /* InitialConfigurationManager.swift in Sources */,
				92376750231471B90037F883 /* ApiRequest.swift in Sources */,
				92376752231471E10037F883 /* ApiSchemaProtocol.swift in Sources */,
				922FBA4123412A52007428A8 /* PresentableDecision.swift in Sources */,
				9237675E2314739D0037F883 /* DecisionStorage.swift in Sources */,
				9237676A2315BB4D0037F883 /* SettingsViewController.swift in Sources */,
				922FBA38233CDAA4007428A8 /* OnDeviceMagicBall.swift in Sources */,
				922FBA4A23415784007428A8 /* SettingsViewModel.swift in Sources */,
			);
			runOnlyForDeploymentPostprocessing = 0;
		};
/* End PBXSourcesBuildPhase section */

/* Begin PBXVariantGroup section */
		9237673D23146EEA0037F883 /* Main.storyboard */ = {
			isa = PBXVariantGroup;
			children = (
				9237673E23146EEA0037F883 /* Base */,
			);
			name = Main.storyboard;
			sourceTree = "<group>";
		};
		9237674223146EEB0037F883 /* LaunchScreen.storyboard */ = {
			isa = PBXVariantGroup;
			children = (
				9237674323146EEB0037F883 /* Base */,
			);
			name = LaunchScreen.storyboard;
			sourceTree = "<group>";
		};
/* End PBXVariantGroup section */

/* Begin XCBuildConfiguration section */
		9237674623146EEB0037F883 /* Debug */ = {
			isa = XCBuildConfiguration;
			buildSettings = {
				ALWAYS_SEARCH_USER_PATHS = NO;
				CLANG_ANALYZER_NONNULL = YES;
				CLANG_ANALYZER_NUMBER_OBJECT_CONVERSION = YES_AGGRESSIVE;
				CLANG_CXX_LANGUAGE_STANDARD = "gnu++14";
				CLANG_CXX_LIBRARY = "libc++";
				CLANG_ENABLE_MODULES = YES;
				CLANG_ENABLE_OBJC_ARC = YES;
				CLANG_ENABLE_OBJC_WEAK = YES;
				CLANG_WARN_BLOCK_CAPTURE_AUTORELEASING = YES;
				CLANG_WARN_BOOL_CONVERSION = YES;
				CLANG_WARN_COMMA = YES;
				CLANG_WARN_CONSTANT_CONVERSION = YES;
				CLANG_WARN_DEPRECATED_OBJC_IMPLEMENTATIONS = YES;
				CLANG_WARN_DIRECT_OBJC_ISA_USAGE = YES_ERROR;
				CLANG_WARN_DOCUMENTATION_COMMENTS = YES;
				CLANG_WARN_EMPTY_BODY = YES;
				CLANG_WARN_ENUM_CONVERSION = YES;
				CLANG_WARN_INFINITE_RECURSION = YES;
				CLANG_WARN_INT_CONVERSION = YES;
				CLANG_WARN_NON_LITERAL_NULL_CONVERSION = YES;
				CLANG_WARN_OBJC_IMPLICIT_RETAIN_SELF = YES;
				CLANG_WARN_OBJC_LITERAL_CONVERSION = YES;
				CLANG_WARN_OBJC_ROOT_CLASS = YES_ERROR;
				CLANG_WARN_RANGE_LOOP_ANALYSIS = YES;
				CLANG_WARN_STRICT_PROTOTYPES = YES;
				CLANG_WARN_SUSPICIOUS_MOVE = YES;
				CLANG_WARN_UNGUARDED_AVAILABILITY = YES_AGGRESSIVE;
				CLANG_WARN_UNREACHABLE_CODE = YES;
				CLANG_WARN__DUPLICATE_METHOD_MATCH = YES;
				CODE_SIGN_IDENTITY = "iPhone Developer";
				COPY_PHASE_STRIP = NO;
				DEBUG_INFORMATION_FORMAT = dwarf;
				ENABLE_STRICT_OBJC_MSGSEND = YES;
				ENABLE_TESTABILITY = YES;
				GCC_C_LANGUAGE_STANDARD = gnu11;
				GCC_DYNAMIC_NO_PIC = NO;
				GCC_NO_COMMON_BLOCKS = YES;
				GCC_OPTIMIZATION_LEVEL = 0;
				GCC_PREPROCESSOR_DEFINITIONS = (
					"DEBUG=1",
					"$(inherited)",
				);
				GCC_WARN_64_TO_32_BIT_CONVERSION = YES;
				GCC_WARN_ABOUT_RETURN_TYPE = YES_ERROR;
				GCC_WARN_UNDECLARED_SELECTOR = YES;
				GCC_WARN_UNINITIALIZED_AUTOS = YES_AGGRESSIVE;
				GCC_WARN_UNUSED_FUNCTION = YES;
				GCC_WARN_UNUSED_VARIABLE = YES;
				IPHONEOS_DEPLOYMENT_TARGET = 12.4;
				MTL_ENABLE_DEBUG_INFO = INCLUDE_SOURCE;
				MTL_FAST_MATH = YES;
				ONLY_ACTIVE_ARCH = YES;
				SDKROOT = iphoneos;
				SWIFT_ACTIVE_COMPILATION_CONDITIONS = DEBUG;
				SWIFT_OPTIMIZATION_LEVEL = "-Onone";
			};
			name = Debug;
		};
		9237674723146EEB0037F883 /* Release */ = {
			isa = XCBuildConfiguration;
			buildSettings = {
				ALWAYS_SEARCH_USER_PATHS = NO;
				CLANG_ANALYZER_NONNULL = YES;
				CLANG_ANALYZER_NUMBER_OBJECT_CONVERSION = YES_AGGRESSIVE;
				CLANG_CXX_LANGUAGE_STANDARD = "gnu++14";
				CLANG_CXX_LIBRARY = "libc++";
				CLANG_ENABLE_MODULES = YES;
				CLANG_ENABLE_OBJC_ARC = YES;
				CLANG_ENABLE_OBJC_WEAK = YES;
				CLANG_WARN_BLOCK_CAPTURE_AUTORELEASING = YES;
				CLANG_WARN_BOOL_CONVERSION = YES;
				CLANG_WARN_COMMA = YES;
				CLANG_WARN_CONSTANT_CONVERSION = YES;
				CLANG_WARN_DEPRECATED_OBJC_IMPLEMENTATIONS = YES;
				CLANG_WARN_DIRECT_OBJC_ISA_USAGE = YES_ERROR;
				CLANG_WARN_DOCUMENTATION_COMMENTS = YES;
				CLANG_WARN_EMPTY_BODY = YES;
				CLANG_WARN_ENUM_CONVERSION = YES;
				CLANG_WARN_INFINITE_RECURSION = YES;
				CLANG_WARN_INT_CONVERSION = YES;
				CLANG_WARN_NON_LITERAL_NULL_CONVERSION = YES;
				CLANG_WARN_OBJC_IMPLICIT_RETAIN_SELF = YES;
				CLANG_WARN_OBJC_LITERAL_CONVERSION = YES;
				CLANG_WARN_OBJC_ROOT_CLASS = YES_ERROR;
				CLANG_WARN_RANGE_LOOP_ANALYSIS = YES;
				CLANG_WARN_STRICT_PROTOTYPES = YES;
				CLANG_WARN_SUSPICIOUS_MOVE = YES;
				CLANG_WARN_UNGUARDED_AVAILABILITY = YES_AGGRESSIVE;
				CLANG_WARN_UNREACHABLE_CODE = YES;
				CLANG_WARN__DUPLICATE_METHOD_MATCH = YES;
				CODE_SIGN_IDENTITY = "iPhone Developer";
				COPY_PHASE_STRIP = NO;
				DEBUG_INFORMATION_FORMAT = "dwarf-with-dsym";
				ENABLE_NS_ASSERTIONS = NO;
				ENABLE_STRICT_OBJC_MSGSEND = YES;
				GCC_C_LANGUAGE_STANDARD = gnu11;
				GCC_NO_COMMON_BLOCKS = YES;
				GCC_WARN_64_TO_32_BIT_CONVERSION = YES;
				GCC_WARN_ABOUT_RETURN_TYPE = YES_ERROR;
				GCC_WARN_UNDECLARED_SELECTOR = YES;
				GCC_WARN_UNINITIALIZED_AUTOS = YES_AGGRESSIVE;
				GCC_WARN_UNUSED_FUNCTION = YES;
				GCC_WARN_UNUSED_VARIABLE = YES;
				IPHONEOS_DEPLOYMENT_TARGET = 12.4;
				MTL_ENABLE_DEBUG_INFO = NO;
				MTL_FAST_MATH = YES;
				SDKROOT = iphoneos;
				SWIFT_COMPILATION_MODE = wholemodule;
				SWIFT_OPTIMIZATION_LEVEL = "-O";
				VALIDATE_PRODUCT = YES;
			};
			name = Release;
		};
		9237674923146EEB0037F883 /* Debug */ = {
			isa = XCBuildConfiguration;
			baseConfigurationReference = DE1D739B1F2588D189119FCF /* Pods-MagicBall.debug.xcconfig */;
			buildSettings = {
				ASSETCATALOG_COMPILER_APPICON_NAME = AppIcon;
				CODE_SIGN_STYLE = Automatic;
				DEVELOPMENT_TEAM = YF5246P43U;
				INFOPLIST_FILE = "$(SRCROOT)/MagicBall/Resources/Info.plist";
				IPHONEOS_DEPLOYMENT_TARGET = 12.3;
				LD_RUNPATH_SEARCH_PATHS = (
					"$(inherited)",
					"@executable_path/Frameworks",
				);
				PRODUCT_BUNDLE_IDENTIFIER = com.verkhovod.denis.MagicBall;
				PRODUCT_NAME = "$(TARGET_NAME)";
				SWIFT_VERSION = 5.0;
				TARGETED_DEVICE_FAMILY = "1,2";
			};
			name = Debug;
		};
		9237674A23146EEB0037F883 /* Release */ = {
			isa = XCBuildConfiguration;
			baseConfigurationReference = CDF1EDC9BE0244B6800E8758 /* Pods-MagicBall.release.xcconfig */;
			buildSettings = {
				ASSETCATALOG_COMPILER_APPICON_NAME = AppIcon;
				CODE_SIGN_STYLE = Automatic;
				DEVELOPMENT_TEAM = YF5246P43U;
				INFOPLIST_FILE = "$(SRCROOT)/MagicBall/Resources/Info.plist";
				IPHONEOS_DEPLOYMENT_TARGET = 12.3;
				LD_RUNPATH_SEARCH_PATHS = (
					"$(inherited)",
					"@executable_path/Frameworks",
				);
				PRODUCT_BUNDLE_IDENTIFIER = com.verkhovod.denis.MagicBall;
				PRODUCT_NAME = "$(TARGET_NAME)";
				SWIFT_VERSION = 5.0;
				TARGETED_DEVICE_FAMILY = "1,2";
			};
			name = Release;
		};
/* End XCBuildConfiguration section */

/* Begin XCConfigurationList section */
		9237673123146EEA0037F883 /* Build configuration list for PBXProject "MagicBall" */ = {
			isa = XCConfigurationList;
			buildConfigurations = (
				9237674623146EEB0037F883 /* Debug */,
				9237674723146EEB0037F883 /* Release */,
			);
			defaultConfigurationIsVisible = 0;
			defaultConfigurationName = Release;
		};
		9237674823146EEB0037F883 /* Build configuration list for PBXNativeTarget "MagicBall" */ = {
			isa = XCConfigurationList;
			buildConfigurations = (
				9237674923146EEB0037F883 /* Debug */,
				9237674A23146EEB0037F883 /* Release */,
			);
			defaultConfigurationIsVisible = 0;
			defaultConfigurationName = Release;
		};
/* End XCConfigurationList section */
	};
	rootObject = 9237672E23146EEA0037F883 /* Project object */;
}
