PODS:
  - SwiftGen (6.1.0)
  - SwiftLint (0.34.0)

DEPENDENCIES:
  - SwiftGen (~> 6.0)
  - SwiftLint (~> 0.34)

SPEC REPOS:
  https://github.com/CocoaPods/Specs.git:
    - SwiftGen
    - SwiftLint

SPEC CHECKSUMS:
  SwiftGen: f872ca75cbd17bf7103c17f13dcfa0d9a15667b0
  SwiftLint: 79d48a17c6565dc286c37efb8322c7b450f95c67

PODFILE CHECKSUM: a36befe3a9103687e4f564dc03f994ab225cd8af

COCOAPODS: 1.8.0
