PODS:
  - SwiftGen (6.1.0)
  - SwiftLint (0.34.0)

DEPENDENCIES:
  - SwiftGen (~> 6.0)
  - SwiftLint

SPEC REPOS:
  https://github.com/cocoapods/specs.git:
    - SwiftGen
    - SwiftLint

SPEC CHECKSUMS:
  SwiftGen: f872ca75cbd17bf7103c17f13dcfa0d9a15667b0
  SwiftLint: 79d48a17c6565dc286c37efb8322c7b450f95c67

PODFILE CHECKSUM: dd7ef40e65f845a23de5cdd5f21f2175b77a8a2e

COCOAPODS: 1.7.0
